
Microsoft Visual Studio Solution File, Format Version 12.00
# Visual Studio 2013
VisualStudioVersion = 12.0.21005.1
MinimumVisualStudioVersion = 10.0.40219.1
Project("{FAE04EC0-301F-11D3-BF4B-00C04F79EFBC}") = "EvoVI", "EvoVI\EvoVI.csproj", "{4678B2BE-A622-4781-9A2D-283722D6ABAA}"
EndProject
Project("{FAE04EC0-301F-11D3-BF4B-00C04F79EFBC}") = "EvoVILib", "EvoVILib\EvoVILib.csproj", "{E5D3EB9F-3DBB-42E3-873F-95B5BF24964B}"
EndProject
Project("{2150E333-8FDC-42A3-9474-1A3956D46DE8}") = "Plugins", "Plugins", "{00716C3C-0D52-4C2B-8121-EB479B0DFC25}"
EndProject
Project("{2150E333-8FDC-42A3-9474-1A3956D46DE8}") = "Application", "Application", "{AEA47190-8908-480F-80B1-F1CF229A612F}"
EndProject
Project("{FAE04EC0-301F-11D3-BF4B-00C04F79EFBC}") = "Smalltalk", "Smalltalk\Smalltalk.csproj", "{DD997D26-C911-4779-8C01-E5ADD5F41BBE}"
EndProject
Project("{FAE04EC0-301F-11D3-BF4B-00C04F79EFBC}") = "ShipSystemControl", "ShipSystemControl\ShipSystemControl.csproj", "{0CB4CD15-C21D-4235-83E7-2B45F10E8267}"
EndProject
Project("{FAE04EC0-301F-11D3-BF4B-00C04F79EFBC}") = "EvoVILIib_Tests", "EvoVILIib_Tests\EvoVILIib_Tests.csproj", "{F2AF0806-E20F-4140-AFED-27D80FD9C6F0}"
EndProject
Global
	GlobalSection(SolutionConfigurationPlatforms) = preSolution
		Debug|Any CPU = Debug|Any CPU
		Release|Any CPU = Release|Any CPU
	EndGlobalSection
	GlobalSection(ProjectConfigurationPlatforms) = postSolution
		{4678B2BE-A622-4781-9A2D-283722D6ABAA}.Debug|Any CPU.ActiveCfg = Debug|Any CPU
		{4678B2BE-A622-4781-9A2D-283722D6ABAA}.Debug|Any CPU.Build.0 = Debug|Any CPU
		{4678B2BE-A622-4781-9A2D-283722D6ABAA}.Release|Any CPU.ActiveCfg = Release|Any CPU
		{4678B2BE-A622-4781-9A2D-283722D6ABAA}.Release|Any CPU.Build.0 = Release|Any CPU
		{E5D3EB9F-3DBB-42E3-873F-95B5BF24964B}.Debug|Any CPU.ActiveCfg = Debug|Any CPU
		{E5D3EB9F-3DBB-42E3-873F-95B5BF24964B}.Debug|Any CPU.Build.0 = Debug|Any CPU
		{E5D3EB9F-3DBB-42E3-873F-95B5BF24964B}.Release|Any CPU.ActiveCfg = Release|Any CPU
		{E5D3EB9F-3DBB-42E3-873F-95B5BF24964B}.Release|Any CPU.Build.0 = Release|Any CPU
		{DD997D26-C911-4779-8C01-E5ADD5F41BBE}.Debug|Any CPU.ActiveCfg = Debug|Any CPU
		{DD997D26-C911-4779-8C01-E5ADD5F41BBE}.Debug|Any CPU.Build.0 = Debug|Any CPU
		{DD997D26-C911-4779-8C01-E5ADD5F41BBE}.Release|Any CPU.ActiveCfg = Release|Any CPU
		{DD997D26-C911-4779-8C01-E5ADD5F41BBE}.Release|Any CPU.Build.0 = Release|Any CPU
		{0CB4CD15-C21D-4235-83E7-2B45F10E8267}.Debug|Any CPU.ActiveCfg = Debug|Any CPU
		{0CB4CD15-C21D-4235-83E7-2B45F10E8267}.Debug|Any CPU.Build.0 = Debug|Any CPU
		{0CB4CD15-C21D-4235-83E7-2B45F10E8267}.Release|Any CPU.ActiveCfg = Release|Any CPU
		{0CB4CD15-C21D-4235-83E7-2B45F10E8267}.Release|Any CPU.Build.0 = Release|Any CPU
		{F2AF0806-E20F-4140-AFED-27D80FD9C6F0}.Debug|Any CPU.ActiveCfg = Debug|Any CPU
		{F2AF0806-E20F-4140-AFED-27D80FD9C6F0}.Debug|Any CPU.Build.0 = Debug|Any CPU
		{F2AF0806-E20F-4140-AFED-27D80FD9C6F0}.Release|Any CPU.ActiveCfg = Release|Any CPU
		{F2AF0806-E20F-4140-AFED-27D80FD9C6F0}.Release|Any CPU.Build.0 = Release|Any CPU
	EndGlobalSection
	GlobalSection(SolutionProperties) = preSolution
		HideSolutionNode = FALSE
	EndGlobalSection
	GlobalSection(NestedProjects) = preSolution
		{E5D3EB9F-3DBB-42E3-873F-95B5BF24964B} = {AEA47190-8908-480F-80B1-F1CF229A612F}
		{4678B2BE-A622-4781-9A2D-283722D6ABAA} = {AEA47190-8908-480F-80B1-F1CF229A612F}
		{DD997D26-C911-4779-8C01-E5ADD5F41BBE} = {00716C3C-0D52-4C2B-8121-EB479B0DFC25}
		{0CB4CD15-C21D-4235-83E7-2B45F10E8267} = {00716C3C-0D52-4C2B-8121-EB479B0DFC25}
	EndGlobalSection
EndGlobal
